schema: '2.0'
stages:
  train:
    cmd: python -m backend.src.train --config configs/train.yaml
    deps:
    - path: backend/src/train.py
      hash: md5
      md5: 4f3ddbc1daada4c785be37fdf6454d31
      size: 17788
    - path: configs/train.yaml
      hash: md5
      md5: 565f3607c48afe21225bba50b395985d
      size: 356
    - path: data/reference
      hash: md5
      md5: 6b5f45072fa86492c87a2f2c2d3d9836.dir
      size: 1651175
      nfiles: 3805
    params:
      configs/train.yaml:
        additional_dataset_path:
        batch_size: 32
        dataset_path: data/reference
        epochs: 3
        learning_rate: 0.001
        promotion.maximum_accuracy_drop: 0.01
        promotion.minimum_accuracy: 0.85
        seed: 42
        validation_ratio: 0.2
    outs:
    - path: artifacts/models/open_eyes_cnn_mlflow.pth
      hash: md5
      md5: 3be0ed0dca64450c698d58eb34b225e2
      size: 826219
